// !$*UTF8*$!
{
	archiveVersion = 1;
	classes = {
	};
	objectVersion = 46;
	objects = {

/* Begin PBXBuildFile section */
		6376A03D1C8571BD00CF2B9B /* AppDelegate.swift in Sources */ = {isa = PBXBuildFile; fileRef = 6376A03C1C8571BD00CF2B9B /* AppDelegate.swift */; };
		6376A03F1C8571BD00CF2B9B /* HomeViewController.swift in Sources */ = {isa = PBXBuildFile; fileRef = 6376A03E1C8571BD00CF2B9B /* HomeViewController.swift */; };
		6376A0421C8571BD00CF2B9B /* Main.storyboard in Resources */ = {isa = PBXBuildFile; fileRef = 6376A0401C8571BD00CF2B9B /* Main.storyboard */; };
		6376A0441C8571BD00CF2B9B /* Assets.xcassets in Resources */ = {isa = PBXBuildFile; fileRef = 6376A0431C8571BD00CF2B9B /* Assets.xcassets */; };
		6376A0471C8571BD00CF2B9B /* LaunchScreen.storyboard in Resources */ = {isa = PBXBuildFile; fileRef = 6376A0451C8571BD00CF2B9B /* LaunchScreen.storyboard */; };
		6376A0521C8571BE00CF2B9B /* AMDprojectTests.swift in Sources */ = {isa = PBXBuildFile; fileRef = 6376A0511C8571BE00CF2B9B /* AMDprojectTests.swift */; };
		6376A05D1C8571BE00CF2B9B /* AMDprojectUITests.swift in Sources */ = {isa = PBXBuildFile; fileRef = 6376A05C1C8571BE00CF2B9B /* AMDprojectUITests.swift */; };
		6376A0B51C8572BD00CF2B9B /* CoreLocation.framework in Frameworks */ = {isa = PBXBuildFile; fileRef = 6376A0B41C8572BD00CF2B9B /* CoreLocation.framework */; };
		6376A0B71C8575F800CF2B9B /* ManualViewController.swift in Sources */ = {isa = PBXBuildFile; fileRef = 6376A0B61C8575F800CF2B9B /* ManualViewController.swift */; };
		6376A10C1C86137100CF2B9B /* ceiling.png in Resources */ = {isa = PBXBuildFile; fileRef = 6376A1021C86137100CF2B9B /* ceiling.png */; };
		6376A10D1C86137100CF2B9B /* door.png in Resources */ = {isa = PBXBuildFile; fileRef = 6376A1031C86137100CF2B9B /* door.png */; };
		6376A10E1C86137100CF2B9B /* glass.png in Resources */ = {isa = PBXBuildFile; fileRef = 6376A1041C86137100CF2B9B /* glass.png */; };
		6376A10F1C86137100CF2B9B /* home.png in Resources */ = {isa = PBXBuildFile; fileRef = 6376A1051C86137100CF2B9B /* home.png */; };
		6376A1101C86137100CF2B9B /* karesansui.png in Resources */ = {isa = PBXBuildFile; fileRef = 6376A1061C86137100CF2B9B /* karesansui.png */; };
		6376A1111C86137100CF2B9B /* kusunoki.png in Resources */ = {isa = PBXBuildFile; fileRef = 6376A1071C86137100CF2B9B /* kusunoki.png */; };
		6376A1121C86137100CF2B9B /* ranma.png in Resources */ = {isa = PBXBuildFile; fileRef = 6376A1081C86137100CF2B9B /* ranma.png */; };
		6376A1131C86137100CF2B9B /* spikeHidden.png in Resources */ = {isa = PBXBuildFile; fileRef = 6376A1091C86137100CF2B9B /* spikeHidden.png */; };
		6376A1141C86137100CF2B9B /* spikeReason.png in Resources */ = {isa = PBXBuildFile; fileRef = 6376A10A1C86137100CF2B9B /* spikeReason.png */; };
		6376A1151C86137100CF2B9B /* water.png in Resources */ = {isa = PBXBuildFile; fileRef = 6376A10B1C86137100CF2B9B /* water.png */; };
		639A6AA91C8916E9007F18B5 /* MapVIewController.swift in Sources */ = {isa = PBXBuildFile; fileRef = 639A6AA81C8916E9007F18B5 /* MapVIewController.swift */; };
		639A6AAB1C89F000007F18B5 /* map.png in Resources */ = {isa = PBXBuildFile; fileRef = 639A6AAA1C89F000007F18B5 /* map.png */; };
/* End PBXBuildFile section */

/* Begin PBXContainerItemProxy section */
		6376A04E1C8571BE00CF2B9B /* PBXContainerItemProxy */ = {
			isa = PBXContainerItemProxy;
			containerPortal = 6376A0311C8571BD00CF2B9B /* Project object */;
			proxyType = 1;
			remoteGlobalIDString = 6376A0381C8571BD00CF2B9B;
			remoteInfo = AMDproject;
		};
		6376A0591C8571BE00CF2B9B /* PBXContainerItemProxy */ = {
			isa = PBXContainerItemProxy;
			containerPortal = 6376A0311C8571BD00CF2B9B /* Project object */;
			proxyType = 1;
			remoteGlobalIDString = 6376A0381C8571BD00CF2B9B;
			remoteInfo = AMDproject;
		};
/* End PBXContainerItemProxy section */

/* Begin PBXFileReference section */
		6376A0391C8571BD00CF2B9B /* AMDproject.app */ = {isa = PBXFileReference; explicitFileType = wrapper.application; includeInIndex = 0; path = AMDproject.app; sourceTree = BUILT_PRODUCTS_DIR; };
		6376A03C1C8571BD00CF2B9B /* AppDelegate.swift */ = {isa = PBXFileReference; lastKnownFileType = sourcecode.swift; path = AppDelegate.swift; sourceTree = "<group>"; };
		6376A03E1C8571BD00CF2B9B /* HomeViewController.swift */ = {isa = PBXFileReference; lastKnownFileType = sourcecode.swift; path = HomeViewController.swift; sourceTree = "<group>"; };
		6376A0411C8571BD00CF2B9B /* Base */ = {isa = PBXFileReference; lastKnownFileType = file.storyboard; name = Base; path = Base.lproj/Main.storyboard; sourceTree = "<group>"; };
		6376A0431C8571BD00CF2B9B /* Assets.xcassets */ = {isa = PBXFileReference; lastKnownFileType = folder.assetcatalog; path = Assets.xcassets; sourceTree = "<group>"; };
		6376A0461C8571BD00CF2B9B /* Base */ = {isa = PBXFileReference; lastKnownFileType = file.storyboard; name = Base; path = Base.lproj/LaunchScreen.storyboard; sourceTree = "<group>"; };
		6376A0481C8571BD00CF2B9B /* Info.plist */ = {isa = PBXFileReference; lastKnownFileType = text.plist.xml; path = Info.plist; sourceTree = "<group>"; };
		6376A04D1C8571BE00CF2B9B /* AMDprojectTests.xctest */ = {isa = PBXFileReference; explicitFileType = wrapper.cfbundle; includeInIndex = 0; path = AMDprojectTests.xctest; sourceTree = BUILT_PRODUCTS_DIR; };
		6376A0511C8571BE00CF2B9B /* AMDprojectTests.swift */ = {isa = PBXFileReference; lastKnownFileType = sourcecode.swift; path = AMDprojectTests.swift; sourceTree = "<group>"; };
		6376A0531C8571BE00CF2B9B /* Info.plist */ = {isa = PBXFileReference; lastKnownFileType = text.plist.xml; path = Info.plist; sourceTree = "<group>"; };
		6376A0581C8571BE00CF2B9B /* AMDprojectUITests.xctest */ = {isa = PBXFileReference; explicitFileType = wrapper.cfbundle; includeInIndex = 0; path = AMDprojectUITests.xctest; sourceTree = BUILT_PRODUCTS_DIR; };
		6376A05C1C8571BE00CF2B9B /* AMDprojectUITests.swift */ = {isa = PBXFileReference; lastKnownFileType = sourcecode.swift; path = AMDprojectUITests.swift; sourceTree = "<group>"; };
		6376A05E1C8571BE00CF2B9B /* Info.plist */ = {isa = PBXFileReference; lastKnownFileType = text.plist.xml; path = Info.plist; sourceTree = "<group>"; };
		6376A0B41C8572BD00CF2B9B /* CoreLocation.framework */ = {isa = PBXFileReference; lastKnownFileType = wrapper.framework; name = CoreLocation.framework; path = System/Library/Frameworks/CoreLocation.framework; sourceTree = SDKROOT; };
		6376A0B61C8575F800CF2B9B /* ManualViewController.swift */ = {isa = PBXFileReference; fileEncoding = 4; lastKnownFileType = sourcecode.swift; path = ManualViewController.swift; sourceTree = "<group>"; };
		6376A1021C86137100CF2B9B /* ceiling.png */ = {isa = PBXFileReference; lastKnownFileType = image.png; path = ceiling.png; sourceTree = "<group>"; };
		6376A1031C86137100CF2B9B /* door.png */ = {isa = PBXFileReference; lastKnownFileType = image.png; path = door.png; sourceTree = "<group>"; };
		6376A1041C86137100CF2B9B /* glass.png */ = {isa = PBXFileReference; lastKnownFileType = image.png; path = glass.png; sourceTree = "<group>"; };
		6376A1051C86137100CF2B9B /* home.png */ = {isa = PBXFileReference; lastKnownFileType = image.png; path = home.png; sourceTree = "<group>"; };
		6376A1061C86137100CF2B9B /* karesansui.png */ = {isa = PBXFileReference; lastKnownFileType = image.png; path = karesansui.png; sourceTree = "<group>"; };
		6376A1071C86137100CF2B9B /* kusunoki.png */ = {isa = PBXFileReference; lastKnownFileType = image.png; path = kusunoki.png; sourceTree = "<group>"; };
		6376A1081C86137100CF2B9B /* ranma.png */ = {isa = PBXFileReference; lastKnownFileType = image.png; path = ranma.png; sourceTree = "<group>"; };
		6376A1091C86137100CF2B9B /* spikeHidden.png */ = {isa = PBXFileReference; lastKnownFileType = image.png; path = spikeHidden.png; sourceTree = "<group>"; };
		6376A10A1C86137100CF2B9B /* spikeReason.png */ = {isa = PBXFileReference; lastKnownFileType = image.png; path = spikeReason.png; sourceTree = "<group>"; };
		6376A10B1C86137100CF2B9B /* water.png */ = {isa = PBXFileReference; lastKnownFileType = image.png; path = water.png; sourceTree = "<group>"; };
		639A6AA81C8916E9007F18B5 /* MapVIewController.swift */ = {isa = PBXFileReference; fileEncoding = 4; lastKnownFileType = sourcecode.swift; path = MapVIewController.swift; sourceTree = "<group>"; };
		639A6AAA1C89F000007F18B5 /* map.png */ = {isa = PBXFileReference; lastKnownFileType = image.png; path = map.png; sourceTree = "<group>"; };
/* End PBXFileReference section */

/* Begin PBXFrameworksBuildPhase section */
		6376A0361C8571BD00CF2B9B /* Frameworks */ = {
			isa = PBXFrameworksBuildPhase;
			buildActionMask = 2147483647;
			files = (
				6376A0B51C8572BD00CF2B9B /* CoreLocation.framework in Frameworks */,
			);
			runOnlyForDeploymentPostprocessing = 0;
		};
		6376A04A1C8571BE00CF2B9B /* Frameworks */ = {
			isa = PBXFrameworksBuildPhase;
			buildActionMask = 2147483647;
			files = (
			);
			runOnlyForDeploymentPostprocessing = 0;
		};
		6376A0551C8571BE00CF2B9B /* Frameworks */ = {
			isa = PBXFrameworksBuildPhase;
			buildActionMask = 2147483647;
			files = (
			);
			runOnlyForDeploymentPostprocessing = 0;
		};
/* End PBXFrameworksBuildPhase section */

/* Begin PBXGroup section */
		6376A0301C8571BD00CF2B9B = {
			isa = PBXGroup;
			children = (
				6376A0B41C8572BD00CF2B9B /* CoreLocation.framework */,
				6376A03B1C8571BD00CF2B9B /* AMDproject */,
				6376A0501C8571BE00CF2B9B /* AMDprojectTests */,
				6376A05B1C8571BE00CF2B9B /* AMDprojectUITests */,
				6376A03A1C8571BD00CF2B9B /* Products */,
				6376A1021C86137100CF2B9B /* ceiling.png */,
				6376A1031C86137100CF2B9B /* door.png */,
				6376A1041C86137100CF2B9B /* glass.png */,
				6376A1051C86137100CF2B9B /* home.png */,
				6376A1061C86137100CF2B9B /* karesansui.png */,
				6376A1071C86137100CF2B9B /* kusunoki.png */,
				6376A1081C86137100CF2B9B /* ranma.png */,
				6376A1091C86137100CF2B9B /* spikeHidden.png */,
				639A6AAA1C89F000007F18B5 /* map.png */,
				6376A10A1C86137100CF2B9B /* spikeReason.png */,
				6376A10B1C86137100CF2B9B /* water.png */,
			);
			sourceTree = "<group>";
		};
		6376A03A1C8571BD00CF2B9B /* Products */ = {
			isa = PBXGroup;
			children = (
				6376A0391C8571BD00CF2B9B /* AMDproject.app */,
				6376A04D1C8571BE00CF2B9B /* AMDprojectTests.xctest */,
				6376A0581C8571BE00CF2B9B /* AMDprojectUITests.xctest */,
			);
			name = Products;
			sourceTree = "<group>";
		};
		6376A03B1C8571BD00CF2B9B /* AMDproject */ = {
			isa = PBXGroup;
			children = (
				6376A03C1C8571BD00CF2B9B /* AppDelegate.swift */,
				6376A03E1C8571BD00CF2B9B /* HomeViewController.swift */,
				6376A0401C8571BD00CF2B9B /* Main.storyboard */,
				639A6AA81C8916E9007F18B5 /* MapVIewController.swift */,
				6376A0B61C8575F800CF2B9B /* ManualViewController.swift */,
				6376A0431C8571BD00CF2B9B /* Assets.xcassets */,
				6376A0451C8571BD00CF2B9B /* LaunchScreen.storyboard */,
				6376A0481C8571BD00CF2B9B /* Info.plist */,
			);
			path = AMDproject;
			sourceTree = "<group>";
		};
		6376A0501C8571BE00CF2B9B /* AMDprojectTests */ = {
			isa = PBXGroup;
			children = (
				6376A0511C8571BE00CF2B9B /* AMDprojectTests.swift */,
				6376A0531C8571BE00CF2B9B /* Info.plist */,
			);
			path = AMDprojectTests;
			sourceTree = "<group>";
		};
		6376A05B1C8571BE00CF2B9B /* AMDprojectUITests */ = {
			isa = PBXGroup;
			children = (
				6376A05C1C8571BE00CF2B9B /* AMDprojectUITests.swift */,
				6376A05E1C8571BE00CF2B9B /* Info.plist */,
			);
			path = AMDprojectUITests;
			sourceTree = "<group>";
		};
/* End PBXGroup section */

/* Begin PBXNativeTarget section */
		6376A0381C8571BD00CF2B9B /* AMDproject */ = {
			isa = PBXNativeTarget;
			buildConfigurationList = 6376A0611C8571BE00CF2B9B /* Build configuration list for PBXNativeTarget "AMDproject" */;
			buildPhases = (
				6376A0351C8571BD00CF2B9B /* Sources */,
				6376A0361C8571BD00CF2B9B /* Frameworks */,
				6376A0371C8571BD00CF2B9B /* Resources */,
			);
			buildRules = (
			);
			dependencies = (
			);
			name = AMDproject;
			productName = AMDproject;
			productReference = 6376A0391C8571BD00CF2B9B /* AMDproject.app */;
			productType = "com.apple.product-type.application";
		};
		6376A04C1C8571BE00CF2B9B /* AMDprojectTests */ = {
			isa = PBXNativeTarget;
			buildConfigurationList = 6376A0641C8571BE00CF2B9B /* Build configuration list for PBXNativeTarget "AMDprojectTests" */;
			buildPhases = (
				6376A0491C8571BE00CF2B9B /* Sources */,
				6376A04A1C8571BE00CF2B9B /* Frameworks */,
				6376A04B1C8571BE00CF2B9B /* Resources */,
			);
			buildRules = (
			);
			dependencies = (
				6376A04F1C8571BE00CF2B9B /* PBXTargetDependency */,
			);
			name = AMDprojectTests;
			productName = AMDprojectTests;
			productReference = 6376A04D1C8571BE00CF2B9B /* AMDprojectTests.xctest */;
			productType = "com.apple.product-type.bundle.unit-test";
		};
		6376A0571C8571BE00CF2B9B /* AMDprojectUITests */ = {
			isa = PBXNativeTarget;
			buildConfigurationList = 6376A0671C8571BE00CF2B9B /* Build configuration list for PBXNativeTarget "AMDprojectUITests" */;
			buildPhases = (
				6376A0541C8571BE00CF2B9B /* Sources */,
				6376A0551C8571BE00CF2B9B /* Frameworks */,
				6376A0561C8571BE00CF2B9B /* Resources */,
			);
			buildRules = (
			);
			dependencies = (
				6376A05A1C8571BE00CF2B9B /* PBXTargetDependency */,
			);
			name = AMDprojectUITests;
			productName = AMDprojectUITests;
			productReference = 6376A0581C8571BE00CF2B9B /* AMDprojectUITests.xctest */;
			productType = "com.apple.product-type.bundle.ui-testing";
		};
/* End PBXNativeTarget section */

/* Begin PBXProject section */
		6376A0311C8571BD00CF2B9B /* Project object */ = {
			isa = PBXProject;
			attributes = {
				LastSwiftUpdateCheck = 0720;
				LastUpgradeCheck = 0720;
				ORGANIZATIONNAME = nwatabou;
				TargetAttributes = {
					6376A0381C8571BD00CF2B9B = {
						CreatedOnToolsVersion = 7.2.1;
						DevelopmentTeam = GXEN49NFED;
					};
					6376A04C1C8571BE00CF2B9B = {
						CreatedOnToolsVersion = 7.2.1;
						DevelopmentTeam = GXEN49NFED;
						TestTargetID = 6376A0381C8571BD00CF2B9B;
					};
					6376A0571C8571BE00CF2B9B = {
						CreatedOnToolsVersion = 7.2.1;
						DevelopmentTeam = GXEN49NFED;
						TestTargetID = 6376A0381C8571BD00CF2B9B;
					};
				};
			};
			buildConfigurationList = 6376A0341C8571BD00CF2B9B /* Build configuration list for PBXProject "AMDproject" */;
			compatibilityVersion = "Xcode 3.2";
			developmentRegion = English;
			hasScannedForEncodings = 0;
			knownRegions = (
				en,
				Base,
			);
			mainGroup = 6376A0301C8571BD00CF2B9B;
			productRefGroup = 6376A03A1C8571BD00CF2B9B /* Products */;
			projectDirPath = "";
			projectRoot = "";
			targets = (
				6376A0381C8571BD00CF2B9B /* AMDproject */,
				6376A04C1C8571BE00CF2B9B /* AMDprojectTests */,
				6376A0571C8571BE00CF2B9B /* AMDprojectUITests */,
			);
		};
/* End PBXProject section */

/* Begin PBXResourcesBuildPhase section */
		6376A0371C8571BD00CF2B9B /* Resources */ = {
			isa = PBXResourcesBuildPhase;
			buildActionMask = 2147483647;
			files = (
				6376A10E1C86137100CF2B9B /* glass.png in Resources */,
				6376A0471C8571BD00CF2B9B /* LaunchScreen.storyboard in Resources */,
				6376A10F1C86137100CF2B9B /* home.png in Resources */,
				6376A10D1C86137100CF2B9B /* door.png in Resources */,
				639A6AAB1C89F000007F18B5 /* map.png in Resources */,
				6376A1111C86137100CF2B9B /* kusunoki.png in Resources */,
				6376A1151C86137100CF2B9B /* water.png in Resources */,
				6376A1131C86137100CF2B9B /* spikeHidden.png in Resources */,
				6376A1141C86137100CF2B9B /* spikeReason.png in Resources */,
				6376A10C1C86137100CF2B9B /* ceiling.png in Resources */,
				6376A0441C8571BD00CF2B9B /* Assets.xcassets in Resources */,
				6376A0421C8571BD00CF2B9B /* Main.storyboard in Resources */,
				6376A1101C86137100CF2B9B /* karesansui.png in Resources */,
				6376A1121C86137100CF2B9B /* ranma.png in Resources */,
			);
			runOnlyForDeploymentPostprocessing = 0;
		};
		6376A04B1C8571BE00CF2B9B /* Resources */ = {
			isa = PBXResourcesBuildPhase;
			buildActionMask = 2147483647;
			files = (
			);
			runOnlyForDeploymentPostprocessing = 0;
		};
		6376A0561C8571BE00CF2B9B /* Resources */ = {
			isa = PBXResourcesBuildPhase;
			buildActionMask = 2147483647;
			files = (
			);
			runOnlyForDeploymentPostprocessing = 0;
		};
/* End PBXResourcesBuildPhase section */

/* Begin PBXSourcesBuildPhase section */
		6376A0351C8571BD00CF2B9B /* Sources */ = {
			isa = PBXSourcesBuildPhase;
			buildActionMask = 2147483647;
			files = (
				6376A03F1C8571BD00CF2B9B /* HomeViewController.swift in Sources */,
				6376A0B71C8575F800CF2B9B /* ManualViewController.swift in Sources */,
				6376A03D1C8571BD00CF2B9B /* AppDelegate.swift in Sources */,
				639A6AA91C8916E9007F18B5 /* MapVIewController.swift in Sources */,
			);
			runOnlyForDeploymentPostprocessing = 0;
		};
		6376A0491C8571BE00CF2B9B /* Sources */ = {
			isa = PBXSourcesBuildPhase;
			buildActionMask = 2147483647;
			files = (
				6376A0521C8571BE00CF2B9B /* AMDprojectTests.swift in Sources */,
			);
			runOnlyForDeploymentPostprocessing = 0;
		};
		6376A0541C8571BE00CF2B9B /* Sources */ = {
			isa = PBXSourcesBuildPhase;
			buildActionMask = 2147483647;
			files = (
				6376A05D1C8571BE00CF2B9B /* AMDprojectUITests.swift in Sources */,
			);
			runOnlyForDeploymentPostprocessing = 0;
		};
/* End PBXSourcesBuildPhase section */

/* Begin PBXTargetDependency section */
		6376A04F1C8571BE00CF2B9B /* PBXTargetDependency */ = {
			isa = PBXTargetDependency;
			target = 6376A0381C8571BD00CF2B9B /* AMDproject */;
			targetProxy = 6376A04E1C8571BE00CF2B9B /* PBXContainerItemProxy */;
		};
		6376A05A1C8571BE00CF2B9B /* PBXTargetDependency */ = {
			isa = PBXTargetDependency;
			target = 6376A0381C8571BD00CF2B9B /* AMDproject */;
			targetProxy = 6376A0591C8571BE00CF2B9B /* PBXContainerItemProxy */;
		};
/* End PBXTargetDependency section */

/* Begin PBXVariantGroup section */
		6376A0401C8571BD00CF2B9B /* Main.storyboard */ = {
			isa = PBXVariantGroup;
			children = (
				6376A0411C8571BD00CF2B9B /* Base */,
			);
			name = Main.storyboard;
			sourceTree = "<group>";
		};
		6376A0451C8571BD00CF2B9B /* LaunchScreen.storyboard */ = {
			isa = PBXVariantGroup;
			children = (
				6376A0461C8571BD00CF2B9B /* Base */,
			);
			name = LaunchScreen.storyboard;
			sourceTree = "<group>";
		};
/* End PBXVariantGroup section */

/* Begin XCBuildConfiguration section */
		6376A05F1C8571BE00CF2B9B /* Debug */ = {
			isa = XCBuildConfiguration;
			buildSettings = {
				ALWAYS_SEARCH_USER_PATHS = NO;
				CLANG_CXX_LANGUAGE_STANDARD = "gnu++0x";
				CLANG_CXX_LIBRARY = "libc++";
				CLANG_ENABLE_MODULES = YES;
				CLANG_ENABLE_OBJC_ARC = YES;
				CLANG_WARN_BOOL_CONVERSION = YES;
				CLANG_WARN_CONSTANT_CONVERSION = YES;
				CLANG_WARN_DIRECT_OBJC_ISA_USAGE = YES_ERROR;
				CLANG_WARN_EMPTY_BODY = YES;
				CLANG_WARN_ENUM_CONVERSION = YES;
				CLANG_WARN_INT_CONVERSION = YES;
				CLANG_WARN_OBJC_ROOT_CLASS = YES_ERROR;
				CLANG_WARN_UNREACHABLE_CODE = YES;
				CLANG_WARN__DUPLICATE_METHOD_MATCH = YES;
				"CODE_SIGN_IDENTITY[sdk=iphoneos*]" = "iPhone Developer";
				COPY_PHASE_STRIP = NO;
				DEBUG_INFORMATION_FORMAT = dwarf;
				ENABLE_STRICT_OBJC_MSGSEND = YES;
				ENABLE_TESTABILITY = YES;
				GCC_C_LANGUAGE_STANDARD = gnu99;
				GCC_DYNAMIC_NO_PIC = NO;
				GCC_NO_COMMON_BLOCKS = YES;
				GCC_OPTIMIZATION_LEVEL = 0;
				GCC_PREPROCESSOR_DEFINITIONS = (
					"DEBUG=1",
					"$(inherited)",
				);
				GCC_WARN_64_TO_32_BIT_CONVERSION = YES;
				GCC_WARN_ABOUT_RETURN_TYPE = YES_ERROR;
				GCC_WARN_UNDECLARED_SELECTOR = YES;
				GCC_WARN_UNINITIALIZED_AUTOS = YES_AGGRESSIVE;
				GCC_WARN_UNUSED_FUNCTION = YES;
				GCC_WARN_UNUSED_VARIABLE = YES;
				IPHONEOS_DEPLOYMENT_TARGET = 9.2;
				MTL_ENABLE_DEBUG_INFO = YES;
				ONLY_ACTIVE_ARCH = YES;
				SDKROOT = iphoneos;
				SWIFT_OPTIMIZATION_LEVEL = "-Onone";
			};
			name = Debug;
		};
		6376A0601C8571BE00CF2B9B /* Release */ = {
			isa = XCBuildConfiguration;
			buildSettings = {
				ALWAYS_SEARCH_USER_PATHS = NO;
				CLANG_CXX_LANGUAGE_STANDARD = "gnu++0x";
				CLANG_CXX_LIBRARY = "libc++";
				CLANG_ENABLE_MODULES = YES;
				CLANG_ENABLE_OBJC_ARC = YES;
				CLANG_WARN_BOOL_CONVERSION = YES;
				CLANG_WARN_CONSTANT_CONVERSION = YES;
				CLANG_WARN_DIRECT_OBJC_ISA_USAGE = YES_ERROR;
				CLANG_WARN_EMPTY_BODY = YES;
				CLANG_WARN_ENUM_CONVERSION = YES;
				CLANG_WARN_INT_CONVERSION = YES;
				CLANG_WARN_OBJC_ROOT_CLASS = YES_ERROR;
				CLANG_WARN_UNREACHABLE_CODE = YES;
				CLANG_WARN__DUPLICATE_METHOD_MATCH = YES;
				"CODE_SIGN_IDENTITY[sdk=iphoneos*]" = "iPhone Developer";
				COPY_PHASE_STRIP = NO;
				DEBUG_INFORMATION_FORMAT = "dwarf-with-dsym";
				ENABLE_NS_ASSERTIONS = NO;
				ENABLE_STRICT_OBJC_MSGSEND = YES;
				GCC_C_LANGUAGE_STANDARD = gnu99;
				GCC_NO_COMMON_BLOCKS = YES;
				GCC_WARN_64_TO_32_BIT_CONVERSION = YES;
				GCC_WARN_ABOUT_RETURN_TYPE = YES_ERROR;
				GCC_WARN_UNDECLARED_SELECTOR = YES;
				GCC_WARN_UNINITIALIZED_AUTOS = YES_AGGRESSIVE;
				GCC_WARN_UNUSED_FUNCTION = YES;
				GCC_WARN_UNUSED_VARIABLE = YES;
				IPHONEOS_DEPLOYMENT_TARGET = 9.2;
				MTL_ENABLE_DEBUG_INFO = NO;
				SDKROOT = iphoneos;
				VALIDATE_PRODUCT = YES;
			};
			name = Release;
		};
		6376A0621C8571BE00CF2B9B /* Debug */ = {
			isa = XCBuildConfiguration;
			buildSettings = {
				ASSETCATALOG_COMPILER_APPICON_NAME = AppIcon;
				INFOPLIST_FILE = AMDproject/Info.plist;
				IPHONEOS_DEPLOYMENT_TARGET = 8.4;
				LD_RUNPATH_SEARCH_PATHS = "$(inherited) @executable_path/Frameworks";
				PRODUCT_BUNDLE_IDENTIFIER = nwatabou.AMDproject;
				PRODUCT_NAME = "$(TARGET_NAME)";
				TARGETED_DEVICE_FAMILY = 2;
			};
			name = Debug;
		};
		6376A0631C8571BE00CF2B9B /* Release */ = {
			isa = XCBuildConfiguration;
			buildSettings = {
				ASSETCATALOG_COMPILER_APPICON_NAME = AppIcon;
				INFOPLIST_FILE = AMDproject/Info.plist;
				IPHONEOS_DEPLOYMENT_TARGET = 8.4;
				LD_RUNPATH_SEARCH_PATHS = "$(inherited) @executable_path/Frameworks";
				PRODUCT_BUNDLE_IDENTIFIER = nwatabou.AMDproject;
				PRODUCT_NAME = "$(TARGET_NAME)";
				TARGETED_DEVICE_FAMILY = 2;
			};
			name = Release;
		};
		6376A0651C8571BE00CF2B9B /* Debug */ = {
			isa = XCBuildConfiguration;
			buildSettings = {
				BUNDLE_LOADER = "$(TEST_HOST)";
				INFOPLIST_FILE = AMDprojectTests/Info.plist;
				LD_RUNPATH_SEARCH_PATHS = "$(inherited) @executable_path/Frameworks @loader_path/Frameworks";
				PRODUCT_BUNDLE_IDENTIFIER = nwatabou.AMDprojectTests;
				PRODUCT_NAME = "$(TARGET_NAME)";
				TEST_HOST = "$(BUILT_PRODUCTS_DIR)/AMDproject.app/AMDproject";
			};
			name = Debug;
		};
		6376A0661C8571BE00CF2B9B /* Release */ = {
			isa = XCBuildConfiguration;
			buildSettings = {
				BUNDLE_LOADER = "$(TEST_HOST)";
				INFOPLIST_FILE = AMDprojectTests/Info.plist;
				LD_RUNPATH_SEARCH_PATHS = "$(inherited) @executable_path/Frameworks @loader_path/Frameworks";
				PRODUCT_BUNDLE_IDENTIFIER = nwatabou.AMDprojectTests;
				PRODUCT_NAME = "$(TARGET_NAME)";
				TEST_HOST = "$(BUILT_PRODUCTS_DIR)/AMDproject.app/AMDproject";
			};
			name = Release;
		};
		6376A0681C8571BE00CF2B9B /* Debug */ = {
			isa = XCBuildConfiguration;
			buildSettings = {
				INFOPLIST_FILE = AMDprojectUITests/Info.plist;
				LD_RUNPATH_SEARCH_PATHS = "$(inherited) @executable_path/Frameworks @loader_path/Frameworks";
				PRODUCT_BUNDLE_IDENTIFIER = nwatabou.AMDprojectUITests;
				PRODUCT_NAME = "$(TARGET_NAME)";
				TEST_TARGET_NAME = AMDproject;
				USES_XCTRUNNER = YES;
			};
			name = Debug;
		};
		6376A0691C8571BE00CF2B9B /* Release */ = {
			isa = XCBuildConfiguration;
			buildSettings = {
				INFOPLIST_FILE = AMDprojectUITests/Info.plist;
				LD_RUNPATH_SEARCH_PATHS = "$(inherited) @executable_path/Frameworks @loader_path/Frameworks";
				PRODUCT_BUNDLE_IDENTIFIER = nwatabou.AMDprojectUITests;
				PRODUCT_NAME = "$(TARGET_NAME)";
				TEST_TARGET_NAME = AMDproject;
				USES_XCTRUNNER = YES;
			};
			name = Release;
		};
/* End XCBuildConfiguration section */

/* Begin XCConfigurationList section */
		6376A0341C8571BD00CF2B9B /* Build configuration list for PBXProject "AMDproject" */ = {
			isa = XCConfigurationList;
			buildConfigurations = (
				6376A05F1C8571BE00CF2B9B /* Debug */,
				6376A0601C8571BE00CF2B9B /* Release */,
			);
			defaultConfigurationIsVisible = 0;
			defaultConfigurationName = Release;
		};
		6376A0611C8571BE00CF2B9B /* Build configuration list for PBXNativeTarget "AMDproject" */ = {
			isa = XCConfigurationList;
			buildConfigurations = (
				6376A0621C8571BE00CF2B9B /* Debug */,
				6376A0631C8571BE00CF2B9B /* Release */,
			);
			defaultConfigurationIsVisible = 0;
			defaultConfigurationName = Release;
		};
		6376A0641C8571BE00CF2B9B /* Build configuration list for PBXNativeTarget "AMDprojectTests" */ = {
			isa = XCConfigurationList;
			buildConfigurations = (
				6376A0651C8571BE00CF2B9B /* Debug */,
				6376A0661C8571BE00CF2B9B /* Release */,
			);
			defaultConfigurationIsVisible = 0;
			defaultConfigurationName = Release;
		};
		6376A0671C8571BE00CF2B9B /* Build configuration list for PBXNativeTarget "AMDprojectUITests" */ = {
			isa = XCConfigurationList;
			buildConfigurations = (
				6376A0681C8571BE00CF2B9B /* Debug */,
				6376A0691C8571BE00CF2B9B /* Release */,
			);
			defaultConfigurationIsVisible = 0;
			defaultConfigurationName = Release;
		};
/* End XCConfigurationList section */
	};
	rootObject = 6376A0311C8571BD00CF2B9B /* Project object */;
}
